
Microsoft Visual Studio Solution File, Format Version 12.00
# Visual Studio Version 16
VisualStudioVersion = 16.0.30804.86
MinimumVisualStudioVersion = 10.0.40219.1
Project("{FAE04EC0-301F-11D3-BF4B-00C04F79EFBC}") = "ConsoleApp3", "ConsoleApp3.csproj", "{534668E1-26CB-4CB0-95EA-A33AD9CB277A}"
EndProject
Global
	GlobalSection(SolutionConfigurationPlatforms) = preSolution
		Debug|Any CPU = Debug|Any CPU
		Release|Any CPU = Release|Any CPU
	EndGlobalSection
	GlobalSection(ProjectConfigurationPlatforms) = postSolution
		{534668E1-26CB-4CB0-95EA-A33AD9CB277A}.Debug|Any CPU.ActiveCfg = Debug|Any CPU
		{534668E1-26CB-4CB0-95EA-A33AD9CB277A}.Debug|Any CPU.Build.0 = Debug|Any CPU
		{534668E1-26CB-4CB0-95EA-A33AD9CB277A}.Release|Any CPU.ActiveCfg = Release|Any CPU
		{534668E1-26CB-4CB0-95EA-A33AD9CB277A}.Release|Any CPU.Build.0 = Release|Any CPU
	EndGlobalSection
	GlobalSection(SolutionProperties) = preSolution
		HideSolutionNode = FALSE
	EndGlobalSection
	GlobalSection(ExtensibilityGlobals) = postSolution
		SolutionGuid = {C534808A-5E1D-4572-A3FB-CF0466F5162D}
	EndGlobalSection
EndGlobal
