
Microsoft Visual Studio Solution File, Format Version 12.00
# Visual Studio Version 16
VisualStudioVersion = 16.0.30804.86
MinimumVisualStudioVersion = 10.0.40219.1
Project("{FAE04EC0-301F-11D3-BF4B-00C04F79EFBC}") = "Kamp2Intro", "Kamp2Intro.csproj", "{6310954E-6338-4AC2-BA90-35D0384A9475}"
EndProject
Global
	GlobalSection(SolutionConfigurationPlatforms) = preSolution
		Debug|Any CPU = Debug|Any CPU
		Release|Any CPU = Release|Any CPU
	EndGlobalSection
	GlobalSection(ProjectConfigurationPlatforms) = postSolution
		{6310954E-6338-4AC2-BA90-35D0384A9475}.Debug|Any CPU.ActiveCfg = Debug|Any CPU
		{6310954E-6338-4AC2-BA90-35D0384A9475}.Debug|Any CPU.Build.0 = Debug|Any CPU
		{6310954E-6338-4AC2-BA90-35D0384A9475}.Release|Any CPU.ActiveCfg = Release|Any CPU
		{6310954E-6338-4AC2-BA90-35D0384A9475}.Release|Any CPU.Build.0 = Release|Any CPU
	EndGlobalSection
	GlobalSection(SolutionProperties) = preSolution
		HideSolutionNode = FALSE
	EndGlobalSection
	GlobalSection(ExtensibilityGlobals) = postSolution
		SolutionGuid = {B8ABE410-669A-465C-A20B-890399619D4D}
	EndGlobalSection
EndGlobal
