
Microsoft Visual Studio Solution File, Format Version 12.00
# Visual Studio Version 16
VisualStudioVersion = 16.0.30804.86
MinimumVisualStudioVersion = 10.0.40219.1
Project("{FAE04EC0-301F-11D3-BF4B-00C04F79EFBC}") = "ders8 if elseuc", "ders8 if elseuc\ders8 if elseuc.csproj", "{BFF230E8-20A4-406F-9A85-49A07C59BDF8}"
EndProject
Global
	GlobalSection(SolutionConfigurationPlatforms) = preSolution
		Debug|Any CPU = Debug|Any CPU
		Release|Any CPU = Release|Any CPU
	EndGlobalSection
	GlobalSection(ProjectConfigurationPlatforms) = postSolution
		{BFF230E8-20A4-406F-9A85-49A07C59BDF8}.Debug|Any CPU.ActiveCfg = Debug|Any CPU
		{BFF230E8-20A4-406F-9A85-49A07C59BDF8}.Debug|Any CPU.Build.0 = Debug|Any CPU
		{BFF230E8-20A4-406F-9A85-49A07C59BDF8}.Release|Any CPU.ActiveCfg = Release|Any CPU
		{BFF230E8-20A4-406F-9A85-49A07C59BDF8}.Release|Any CPU.Build.0 = Release|Any CPU
	EndGlobalSection
	GlobalSection(SolutionProperties) = preSolution
		HideSolutionNode = FALSE
	EndGlobalSection
	GlobalSection(ExtensibilityGlobals) = postSolution
		SolutionGuid = {94809CA7-B052-48C7-9939-E81A8AB70F33}
	EndGlobalSection
EndGlobal
