
Microsoft Visual Studio Solution File, Format Version 12.00
# Visual Studio Version 16
VisualStudioVersion = 16.0.30804.86
MinimumVisualStudioVersion = 10.0.40219.1
Project("{FAE04EC0-301F-11D3-BF4B-00C04F79EFBC}") = "1.eğitim", "1.eğitim.csproj", "{39775134-D637-4BD1-878D-808EE090C794}"
EndProject
Global
	GlobalSection(SolutionConfigurationPlatforms) = preSolution
		Debug|Any CPU = Debug|Any CPU
		Release|Any CPU = Release|Any CPU
	EndGlobalSection
	GlobalSection(ProjectConfigurationPlatforms) = postSolution
		{39775134-D637-4BD1-878D-808EE090C794}.Debug|Any CPU.ActiveCfg = Debug|Any CPU
		{39775134-D637-4BD1-878D-808EE090C794}.Debug|Any CPU.Build.0 = Debug|Any CPU
		{39775134-D637-4BD1-878D-808EE090C794}.Release|Any CPU.ActiveCfg = Release|Any CPU
		{39775134-D637-4BD1-878D-808EE090C794}.Release|Any CPU.Build.0 = Release|Any CPU
	EndGlobalSection
	GlobalSection(SolutionProperties) = preSolution
		HideSolutionNode = FALSE
	EndGlobalSection
	GlobalSection(ExtensibilityGlobals) = postSolution
		SolutionGuid = {E4DA8B75-9A4A-4870-A5D3-9DDE34D1F9B7}
	EndGlobalSection
EndGlobal
