
Microsoft Visual Studio Solution File, Format Version 12.00
# Visual Studio Version 16
VisualStudioVersion = 16.0.30804.86
MinimumVisualStudioVersion = 10.0.40219.1
Project("{FAE04EC0-301F-11D3-BF4B-00C04F79EFBC}") = "ders 6 if else", "ders 6 if else\ders 6 if else.csproj", "{CF973EC5-743E-4C0E-B368-7A7B4C6E7773}"
EndProject
Global
	GlobalSection(SolutionConfigurationPlatforms) = preSolution
		Debug|Any CPU = Debug|Any CPU
		Release|Any CPU = Release|Any CPU
	EndGlobalSection
	GlobalSection(ProjectConfigurationPlatforms) = postSolution
		{CF973EC5-743E-4C0E-B368-7A7B4C6E7773}.Debug|Any CPU.ActiveCfg = Debug|Any CPU
		{CF973EC5-743E-4C0E-B368-7A7B4C6E7773}.Debug|Any CPU.Build.0 = Debug|Any CPU
		{CF973EC5-743E-4C0E-B368-7A7B4C6E7773}.Release|Any CPU.ActiveCfg = Release|Any CPU
		{CF973EC5-743E-4C0E-B368-7A7B4C6E7773}.Release|Any CPU.Build.0 = Release|Any CPU
	EndGlobalSection
	GlobalSection(SolutionProperties) = preSolution
		HideSolutionNode = FALSE
	EndGlobalSection
	GlobalSection(ExtensibilityGlobals) = postSolution
		SolutionGuid = {908C3CD5-84E5-4B6D-9F1B-D43B31B9C782}
	EndGlobalSection
EndGlobal
